
Microsoft Visual Studio Solution File, Format Version 12.00
# Visual Studio Version 16
VisualStudioVersion = 16.0.30804.86
MinimumVisualStudioVersion = 10.0.40219.1
Project("{FAE04EC0-301F-11D3-BF4B-00C04F79EFBC}") = "OnlineTicariOtomasyon", "OnlineTicariOtomasyon\OnlineTicariOtomasyon.csproj", "{E7B5EDF0-43F4-4FAA-95AE-6C868D58D697}"
EndProject
Global
	GlobalSection(SolutionConfigurationPlatforms) = preSolution
		Debug|Any CPU = Debug|Any CPU
		Release|Any CPU = Release|Any CPU
	EndGlobalSection
	GlobalSection(ProjectConfigurationPlatforms) = postSolution
		{E7B5EDF0-43F4-4FAA-95AE-6C868D58D697}.Debug|Any CPU.ActiveCfg = Debug|Any CPU
		{E7B5EDF0-43F4-4FAA-95AE-6C868D58D697}.Debug|Any CPU.Build.0 = Debug|Any CPU
		{E7B5EDF0-43F4-4FAA-95AE-6C868D58D697}.Release|Any CPU.ActiveCfg = Release|Any CPU
		{E7B5EDF0-43F4-4FAA-95AE-6C868D58D697}.Release|Any CPU.Build.0 = Release|Any CPU
	EndGlobalSection
	GlobalSection(SolutionProperties) = preSolution
		HideSolutionNode = FALSE
	EndGlobalSection
	GlobalSection(ExtensibilityGlobals) = postSolution
		SolutionGuid = {4F037AC4-3B10-4AA8-8405-D527BBC3ED24}
	EndGlobalSection
EndGlobal
